
Microsoft Visual Studio Solution File, Format Version 12.00
# Visual Studio Version 16
VisualStudioVersion = 16.0.29920.165
MinimumVisualStudioVersion = 10.0.40219.1
Project("{FAE04EC0-301F-11D3-BF4B-00C04F79EFBC}") = "SortTable", "SortTable\SortTable.csproj", "{30A92E22-7312-4FC9-A662-2519B8AFE927}"
EndProject
Global
	GlobalSection(SolutionConfigurationPlatforms) = preSolution
		Debug|Any CPU = Debug|Any CPU
		Release|Any CPU = Release|Any CPU
	EndGlobalSection
	GlobalSection(ProjectConfigurationPlatforms) = postSolution
		{30A92E22-7312-4FC9-A662-2519B8AFE927}.Debug|Any CPU.ActiveCfg = Debug|Any CPU
		{30A92E22-7312-4FC9-A662-2519B8AFE927}.Debug|Any CPU.Build.0 = Debug|Any CPU
		{30A92E22-7312-4FC9-A662-2519B8AFE927}.Release|Any CPU.ActiveCfg = Release|Any CPU
		{30A92E22-7312-4FC9-A662-2519B8AFE927}.Release|Any CPU.Build.0 = Release|Any CPU
	EndGlobalSection
	GlobalSection(SolutionProperties) = preSolution
		HideSolutionNode = FALSE
	EndGlobalSection
	GlobalSection(ExtensibilityGlobals) = postSolution
		SolutionGuid = {174B9C40-1777-498C-8E58-A3FEE96B318D}
	EndGlobalSection
EndGlobal
